
Microsoft Visual Studio Solution File, Format Version 12.00
# Visual Studio Version 17
VisualStudioVersion = 17.7.34031.279
MinimumVisualStudioVersion = 10.0.40219.1
Project("{2150E333-8FDC-42A3-9474-1A3956D46DE8}") = "SOLID", "SOLID", "{06F9C8F1-3F3A-4B71-B4AF-C3C0B6AF0972}"
EndProject
Project("{9A19103F-16F7-4668-BE54-9A1E7A4F7556}") = "PrincipeS", "SOLID\PrincipeS\PrincipeS.csproj", "{A5A7A025-DB1E-41E6-A240-9DB13836E0FF}"
EndProject
Project("{9A19103F-16F7-4668-BE54-9A1E7A4F7556}") = "PrincipeO", "SOLID\PrincipeO\PrincipeO.csproj", "{D6424165-217D-4A45-9AF1-08233805B99C}"
EndProject
Project("{9A19103F-16F7-4668-BE54-9A1E7A4F7556}") = "PrincipeL", "SOLID\PrincipeL\PrincipeL.csproj", "{1C3B206E-3F96-44D1-8ECE-B904034FA5B0}"
EndProject
Project("{9A19103F-16F7-4668-BE54-9A1E7A4F7556}") = "PrincipeI", "SOLID\PrincipeI\PrincipeI.csproj", "{8AC7F2A2-0080-4A25-A50B-CA2453E04AB4}"
EndProject
Project("{9A19103F-16F7-4668-BE54-9A1E7A4F7556}") = "PrincipeD", "SOLID\PrincipeD\PrincipeD.csproj", "{7D6D4854-41CF-4A68-9E41-4D3D9495905F}"
EndProject
Project("{2150E333-8FDC-42A3-9474-1A3956D46DE8}") = "DesignPattern", "DesignPattern", "{493A809D-C0B2-416B-AA8F-DBC9E0926234}"
EndProject
Project("{2150E333-8FDC-42A3-9474-1A3956D46DE8}") = "01 - Creation", "01 - Creation", "{D446A9D9-156F-4528-AB72-2F7C55FE4FF8}"
EndProject
Project("{9A19103F-16F7-4668-BE54-9A1E7A4F7556}") = "01 - Singleton", "DesignPattern\01 - Creation\01 - Singleton\01 - Singleton.csproj", "{C53C81B5-9B85-44DB-8683-450A265E8152}"
EndProject
Project("{9A19103F-16F7-4668-BE54-9A1E7A4F7556}") = "02 - FactoryMethod", "DesignPattern\01 - Creation\02 - FactoryMethod\02 - FactoryMethod.csproj", "{AA93ABA2-4147-4FE8-932B-F1889797B130}"
EndProject
Project("{FAE04EC0-301F-11D3-BF4B-00C04F79EFBC}") = "03 - AbstractFactory", "DesignPattern\01 - Creation\03 - Abstract Factory\03 - AbstractFactory.csproj", "{BB855D0C-C5F6-4EA6-ADBB-C0D2EF85DE49}"
EndProject
Project("{FAE04EC0-301F-11D3-BF4B-00C04F79EFBC}") = "04 - Prototype", "DesignPattern\01 - Creation\04 - Prototype\04 - Prototype.csproj", "{E5374D76-B71D-436B-A11B-BAE0812F708C}"
EndProject
Project("{FAE04EC0-301F-11D3-BF4B-00C04F79EFBC}") = "05 - Builder", "DesignPattern\01 - Creation\05 - Builder\05 - Builder.csproj", "{AFC5D7A7-C7EC-4BBB-A17E-C06211B5326F}"
EndProject
Project("{2150E333-8FDC-42A3-9474-1A3956D46DE8}") = "02 - Structure", "02 - Structure", "{AE4FAE09-BA87-46CB-B53B-F22308778833}"
EndProject
Project("{FAE04EC0-301F-11D3-BF4B-00C04F79EFBC}") = "06 - Adapter", "DesignPattern\02 - Structure\06 - Adapter\06 - Adapter.csproj", "{6A6746EA-85A0-4F63-829F-72373106559F}"
EndProject
Project("{FAE04EC0-301F-11D3-BF4B-00C04F79EFBC}") = "07 - Bridge", "DesignPattern\02 - Structure\07 - Bridge\07 - Bridge.csproj", "{BF9CDF58-D096-4A22-99BE-BD0BDE0151B8}"
EndProject
Global
	GlobalSection(SolutionConfigurationPlatforms) = preSolution
		Debug|Any CPU = Debug|Any CPU
		Release|Any CPU = Release|Any CPU
	EndGlobalSection
	GlobalSection(ProjectConfigurationPlatforms) = postSolution
		{A5A7A025-DB1E-41E6-A240-9DB13836E0FF}.Debug|Any CPU.ActiveCfg = Debug|Any CPU
		{A5A7A025-DB1E-41E6-A240-9DB13836E0FF}.Debug|Any CPU.Build.0 = Debug|Any CPU
		{A5A7A025-DB1E-41E6-A240-9DB13836E0FF}.Release|Any CPU.ActiveCfg = Release|Any CPU
		{A5A7A025-DB1E-41E6-A240-9DB13836E0FF}.Release|Any CPU.Build.0 = Release|Any CPU
		{D6424165-217D-4A45-9AF1-08233805B99C}.Debug|Any CPU.ActiveCfg = Debug|Any CPU
		{D6424165-217D-4A45-9AF1-08233805B99C}.Debug|Any CPU.Build.0 = Debug|Any CPU
		{D6424165-217D-4A45-9AF1-08233805B99C}.Release|Any CPU.ActiveCfg = Release|Any CPU
		{D6424165-217D-4A45-9AF1-08233805B99C}.Release|Any CPU.Build.0 = Release|Any CPU
		{1C3B206E-3F96-44D1-8ECE-B904034FA5B0}.Debug|Any CPU.ActiveCfg = Debug|Any CPU
		{1C3B206E-3F96-44D1-8ECE-B904034FA5B0}.Debug|Any CPU.Build.0 = Debug|Any CPU
		{1C3B206E-3F96-44D1-8ECE-B904034FA5B0}.Release|Any CPU.ActiveCfg = Release|Any CPU
		{1C3B206E-3F96-44D1-8ECE-B904034FA5B0}.Release|Any CPU.Build.0 = Release|Any CPU
		{8AC7F2A2-0080-4A25-A50B-CA2453E04AB4}.Debug|Any CPU.ActiveCfg = Debug|Any CPU
		{8AC7F2A2-0080-4A25-A50B-CA2453E04AB4}.Debug|Any CPU.Build.0 = Debug|Any CPU
		{8AC7F2A2-0080-4A25-A50B-CA2453E04AB4}.Release|Any CPU.ActiveCfg = Release|Any CPU
		{8AC7F2A2-0080-4A25-A50B-CA2453E04AB4}.Release|Any CPU.Build.0 = Release|Any CPU
		{7D6D4854-41CF-4A68-9E41-4D3D9495905F}.Debug|Any CPU.ActiveCfg = Debug|Any CPU
		{7D6D4854-41CF-4A68-9E41-4D3D9495905F}.Debug|Any CPU.Build.0 = Debug|Any CPU
		{7D6D4854-41CF-4A68-9E41-4D3D9495905F}.Release|Any CPU.ActiveCfg = Release|Any CPU
		{7D6D4854-41CF-4A68-9E41-4D3D9495905F}.Release|Any CPU.Build.0 = Release|Any CPU
		{C53C81B5-9B85-44DB-8683-450A265E8152}.Debug|Any CPU.ActiveCfg = Debug|Any CPU
		{C53C81B5-9B85-44DB-8683-450A265E8152}.Debug|Any CPU.Build.0 = Debug|Any CPU
		{C53C81B5-9B85-44DB-8683-450A265E8152}.Release|Any CPU.ActiveCfg = Release|Any CPU
		{C53C81B5-9B85-44DB-8683-450A265E8152}.Release|Any CPU.Build.0 = Release|Any CPU
		{AA93ABA2-4147-4FE8-932B-F1889797B130}.Debug|Any CPU.ActiveCfg = Debug|Any CPU
		{AA93ABA2-4147-4FE8-932B-F1889797B130}.Debug|Any CPU.Build.0 = Debug|Any CPU
		{AA93ABA2-4147-4FE8-932B-F1889797B130}.Release|Any CPU.ActiveCfg = Release|Any CPU
		{AA93ABA2-4147-4FE8-932B-F1889797B130}.Release|Any CPU.Build.0 = Release|Any CPU
		{BB855D0C-C5F6-4EA6-ADBB-C0D2EF85DE49}.Debug|Any CPU.ActiveCfg = Debug|Any CPU
		{BB855D0C-C5F6-4EA6-ADBB-C0D2EF85DE49}.Debug|Any CPU.Build.0 = Debug|Any CPU
		{BB855D0C-C5F6-4EA6-ADBB-C0D2EF85DE49}.Release|Any CPU.ActiveCfg = Release|Any CPU
		{BB855D0C-C5F6-4EA6-ADBB-C0D2EF85DE49}.Release|Any CPU.Build.0 = Release|Any CPU
		{E5374D76-B71D-436B-A11B-BAE0812F708C}.Debug|Any CPU.ActiveCfg = Debug|Any CPU
		{E5374D76-B71D-436B-A11B-BAE0812F708C}.Debug|Any CPU.Build.0 = Debug|Any CPU
		{E5374D76-B71D-436B-A11B-BAE0812F708C}.Release|Any CPU.ActiveCfg = Release|Any CPU
		{E5374D76-B71D-436B-A11B-BAE0812F708C}.Release|Any CPU.Build.0 = Release|Any CPU
		{AFC5D7A7-C7EC-4BBB-A17E-C06211B5326F}.Debug|Any CPU.ActiveCfg = Debug|Any CPU
		{AFC5D7A7-C7EC-4BBB-A17E-C06211B5326F}.Debug|Any CPU.Build.0 = Debug|Any CPU
		{AFC5D7A7-C7EC-4BBB-A17E-C06211B5326F}.Release|Any CPU.ActiveCfg = Release|Any CPU
		{AFC5D7A7-C7EC-4BBB-A17E-C06211B5326F}.Release|Any CPU.Build.0 = Release|Any CPU
		{6A6746EA-85A0-4F63-829F-72373106559F}.Debug|Any CPU.ActiveCfg = Debug|Any CPU
		{6A6746EA-85A0-4F63-829F-72373106559F}.Debug|Any CPU.Build.0 = Debug|Any CPU
		{6A6746EA-85A0-4F63-829F-72373106559F}.Release|Any CPU.ActiveCfg = Release|Any CPU
		{6A6746EA-85A0-4F63-829F-72373106559F}.Release|Any CPU.Build.0 = Release|Any CPU
		{BF9CDF58-D096-4A22-99BE-BD0BDE0151B8}.Debug|Any CPU.ActiveCfg = Debug|Any CPU
		{BF9CDF58-D096-4A22-99BE-BD0BDE0151B8}.Debug|Any CPU.Build.0 = Debug|Any CPU
		{BF9CDF58-D096-4A22-99BE-BD0BDE0151B8}.Release|Any CPU.ActiveCfg = Release|Any CPU
		{BF9CDF58-D096-4A22-99BE-BD0BDE0151B8}.Release|Any CPU.Build.0 = Release|Any CPU
	EndGlobalSection
	GlobalSection(SolutionProperties) = preSolution
		HideSolutionNode = FALSE
	EndGlobalSection
	GlobalSection(NestedProjects) = preSolution
		{A5A7A025-DB1E-41E6-A240-9DB13836E0FF} = {06F9C8F1-3F3A-4B71-B4AF-C3C0B6AF0972}
		{D6424165-217D-4A45-9AF1-08233805B99C} = {06F9C8F1-3F3A-4B71-B4AF-C3C0B6AF0972}
		{1C3B206E-3F96-44D1-8ECE-B904034FA5B0} = {06F9C8F1-3F3A-4B71-B4AF-C3C0B6AF0972}
		{8AC7F2A2-0080-4A25-A50B-CA2453E04AB4} = {06F9C8F1-3F3A-4B71-B4AF-C3C0B6AF0972}
		{7D6D4854-41CF-4A68-9E41-4D3D9495905F} = {06F9C8F1-3F3A-4B71-B4AF-C3C0B6AF0972}
		{D446A9D9-156F-4528-AB72-2F7C55FE4FF8} = {493A809D-C0B2-416B-AA8F-DBC9E0926234}
		{C53C81B5-9B85-44DB-8683-450A265E8152} = {D446A9D9-156F-4528-AB72-2F7C55FE4FF8}
		{AA93ABA2-4147-4FE8-932B-F1889797B130} = {D446A9D9-156F-4528-AB72-2F7C55FE4FF8}
		{BB855D0C-C5F6-4EA6-ADBB-C0D2EF85DE49} = {D446A9D9-156F-4528-AB72-2F7C55FE4FF8}
		{E5374D76-B71D-436B-A11B-BAE0812F708C} = {D446A9D9-156F-4528-AB72-2F7C55FE4FF8}
		{AFC5D7A7-C7EC-4BBB-A17E-C06211B5326F} = {D446A9D9-156F-4528-AB72-2F7C55FE4FF8}
		{AE4FAE09-BA87-46CB-B53B-F22308778833} = {493A809D-C0B2-416B-AA8F-DBC9E0926234}
		{6A6746EA-85A0-4F63-829F-72373106559F} = {AE4FAE09-BA87-46CB-B53B-F22308778833}
		{BF9CDF58-D096-4A22-99BE-BD0BDE0151B8} = {AE4FAE09-BA87-46CB-B53B-F22308778833}
	EndGlobalSection
	GlobalSection(ExtensibilityGlobals) = postSolution
		SolutionGuid = {44C36AC9-5B72-4E94-A6F6-6278904AA4D6}
	EndGlobalSection
EndGlobal
