
Microsoft Visual Studio Solution File, Format Version 12.00
# Visual Studio Version 17
VisualStudioVersion = 17.7.34031.279
MinimumVisualStudioVersion = 10.0.40219.1
Project("{2150E333-8FDC-42A3-9474-1A3956D46DE8}") = "SOLID", "SOLID", "{06F9C8F1-3F3A-4B71-B4AF-C3C0B6AF0972}"
EndProject
Project("{9A19103F-16F7-4668-BE54-9A1E7A4F7556}") = "PrincipeS", "SOLID\PrincipeS\PrincipeS.csproj", "{A5A7A025-DB1E-41E6-A240-9DB13836E0FF}"
EndProject
Project("{9A19103F-16F7-4668-BE54-9A1E7A4F7556}") = "PrincipeO", "SOLID\PrincipeO\PrincipeO.csproj", "{D6424165-217D-4A45-9AF1-08233805B99C}"
EndProject
Project("{9A19103F-16F7-4668-BE54-9A1E7A4F7556}") = "PrincipeL", "SOLID\PrincipeL\PrincipeL.csproj", "{1C3B206E-3F96-44D1-8ECE-B904034FA5B0}"
EndProject
Project("{9A19103F-16F7-4668-BE54-9A1E7A4F7556}") = "PrincipeI", "SOLID\PrincipeI\PrincipeI.csproj", "{8AC7F2A2-0080-4A25-A50B-CA2453E04AB4}"
EndProject
Project("{9A19103F-16F7-4668-BE54-9A1E7A4F7556}") = "PrincipeD", "SOLID\PrincipeD\PrincipeD.csproj", "{7D6D4854-41CF-4A68-9E41-4D3D9495905F}"
EndProject
Project("{2150E333-8FDC-42A3-9474-1A3956D46DE8}") = "DesignPattern", "DesignPattern", "{493A809D-C0B2-416B-AA8F-DBC9E0926234}"
EndProject
Project("{2150E333-8FDC-42A3-9474-1A3956D46DE8}") = "01 - Creation", "01 - Creation", "{D446A9D9-156F-4528-AB72-2F7C55FE4FF8}"
EndProject
Project("{9A19103F-16F7-4668-BE54-9A1E7A4F7556}") = "01 - Singleton", "DesignPattern\01 - Creation\01 - Singleton\01 - Singleton.csproj", "{C53C81B5-9B85-44DB-8683-450A265E8152}"
EndProject
Project("{9A19103F-16F7-4668-BE54-9A1E7A4F7556}") = "02 - FactoryMethod", "DesignPattern\01 - Creation\02 - FactoryMethod\02 - FactoryMethod.csproj", "{AA93ABA2-4147-4FE8-932B-F1889797B130}"
EndProject
Project("{9A19103F-16F7-4668-BE54-9A1E7A4F7556}") = "03 - AbstractFactory", "DesignPattern\01 - Creation\03 - Abstract Factory\03 - AbstractFactory.csproj", "{BB855D0C-C5F6-4EA6-ADBB-C0D2EF85DE49}"
EndProject
Project("{9A19103F-16F7-4668-BE54-9A1E7A4F7556}") = "04 - Prototype", "DesignPattern\01 - Creation\04 - Prototype\04 - Prototype.csproj", "{E5374D76-B71D-436B-A11B-BAE0812F708C}"
EndProject
Project("{9A19103F-16F7-4668-BE54-9A1E7A4F7556}") = "05 - Builder", "DesignPattern\01 - Creation\05 - Builder\05 - Builder.csproj", "{AFC5D7A7-C7EC-4BBB-A17E-C06211B5326F}"
EndProject
Project("{2150E333-8FDC-42A3-9474-1A3956D46DE8}") = "02 - Structure", "02 - Structure", "{AE4FAE09-BA87-46CB-B53B-F22308778833}"
EndProject
Project("{9A19103F-16F7-4668-BE54-9A1E7A4F7556}") = "06 - Adapter", "DesignPattern\02 - Structure\06 - Adapter\06 - Adapter.csproj", "{6A6746EA-85A0-4F63-829F-72373106559F}"
EndProject
Project("{9A19103F-16F7-4668-BE54-9A1E7A4F7556}") = "07 - Bridge", "DesignPattern\02 - Structure\07 - Bridge\07 - Bridge.csproj", "{BF9CDF58-D096-4A22-99BE-BD0BDE0151B8}"
EndProject
Project("{9A19103F-16F7-4668-BE54-9A1E7A4F7556}") = "08 - Composite", "DesignPattern\02 - Structure\08 - Composite\08 - Composite.csproj", "{75AF9F17-3F9E-4AC0-8E8C-63C5D74FF418}"
EndProject
Project("{9A19103F-16F7-4668-BE54-9A1E7A4F7556}") = "09 - Decorator", "DesignPattern\02 - Structure\09 - Decorator\09 - Decorator.csproj", "{AC87757E-941C-41F2-958D-216E136E8CBA}"
EndProject
Project("{9A19103F-16F7-4668-BE54-9A1E7A4F7556}") = "10 - Facade", "DesignPattern\02 - Structure\10 - Facade\10 - Facade.csproj", "{E9267450-E279-4D21-AABC-AC0760CE3AA0}"
EndProject
Project("{9A19103F-16F7-4668-BE54-9A1E7A4F7556}") = "11 - Flyweight", "DesignPattern\02 - Structure\11 - Flyweight\11 - Flyweight.csproj", "{6BF0B2DC-AA8D-42E5-BDBF-A41EAB64D42E}"
EndProject
Project("{9A19103F-16F7-4668-BE54-9A1E7A4F7556}") = "12 - Proxy", "DesignPattern\02 - Structure\12 - Proxy\12 - Proxy.csproj", "{567A9A9C-DF46-4793-8611-427147F4638F}"
EndProject
Project("{2150E333-8FDC-42A3-9474-1A3956D46DE8}") = "03 - Comportement", "03 - Comportement", "{928C134F-C14F-4604-9B12-A84C8DE9BBDB}"
	ProjectSection(SolutionItems) = preProject
		Comportement.md = Comportement.md
	EndProjectSection
EndProject
Project("{9A19103F-16F7-4668-BE54-9A1E7A4F7556}") = "13 - Chain of Responsibility", "DesignPattern\03 - Comportement\13 - Chain of Responsibility\13 - Chain of Responsibility.csproj", "{B6DE6816-E726-49F3-A590-BCF184E593B1}"
EndProject
Project("{9A19103F-16F7-4668-BE54-9A1E7A4F7556}") = "14 - Command", "DesignPattern\03 - Comportement\14 - Command\14 - Command.csproj", "{17918B50-3C3A-4B8C-8A5C-3C633B2CB74E}"
EndProject
Project("{9A19103F-16F7-4668-BE54-9A1E7A4F7556}") = "15 - Interpreter", "DesignPattern\03 - Comportement\15 - Interpreter\15 - Interpreter.csproj", "{021CB525-3479-4B91-9DB7-CA8556C05B11}"
EndProject
Project("{9A19103F-16F7-4668-BE54-9A1E7A4F7556}") = "16 - Iterator", "DesignPattern\03 - Comportement\16 - Iterator\16 - Iterator.csproj", "{DC7774AA-0264-4EBA-8A6E-CD1B798AD3AD}"
EndProject
Project("{9A19103F-16F7-4668-BE54-9A1E7A4F7556}") = "17 - Mediator", "DesignPattern\03 - Comportement\17 - Mediator\17 - Mediator.csproj", "{E991711E-6BE5-4A1C-B3C1-1EF248A0A5B7}"
EndProject
Project("{9A19103F-16F7-4668-BE54-9A1E7A4F7556}") = "18 - Memento", "DesignPattern\03 - Comportement\18 - Memento\18 - Memento.csproj", "{FA3166C8-2445-4C2E-BC2E-B44C132627F0}"
EndProject
Project("{9A19103F-16F7-4668-BE54-9A1E7A4F7556}") = "19 - Observer", "DesignPattern\03 - Comportement\19 - Observer\19 - Observer.csproj", "{3F4BC621-9FD2-40DE-B35E-9B31DE92FCC0}"
EndProject
Project("{9A19103F-16F7-4668-BE54-9A1E7A4F7556}") = "20 - State", "DesignPattern\03 - Comportement\20 - State\20 - State.csproj", "{8A5B4A9D-5B7F-4CCD-A0B3-E9C335AF0E0B}"
EndProject
Project("{9A19103F-16F7-4668-BE54-9A1E7A4F7556}") = "21 - Strategy", "DesignPattern\03 - Comportement\21 - Strategy\21 - Strategy.csproj", "{28FDAAB2-EFBB-442F-83C0-2C891388600F}"
EndProject
Project("{9A19103F-16F7-4668-BE54-9A1E7A4F7556}") = "22 - Template Method", "DesignPattern\03 - Comportement\22 - Template Method\22 - Template Method.csproj", "{73C9AF06-8A57-436F-A8EE-3644B14FE4C4}"
EndProject
Project("{9A19103F-16F7-4668-BE54-9A1E7A4F7556}") = "23 - Visitor", "DesignPattern\03 - Comportement\23 - Visitor\23 - Visitor.csproj", "{9CDC4627-126C-4710-8B3D-A1AE6ED36E60}"
EndProject
Global
	GlobalSection(SolutionConfigurationPlatforms) = preSolution
		Debug|Any CPU = Debug|Any CPU
		Release|Any CPU = Release|Any CPU
	EndGlobalSection
	GlobalSection(ProjectConfigurationPlatforms) = postSolution
		{A5A7A025-DB1E-41E6-A240-9DB13836E0FF}.Debug|Any CPU.ActiveCfg = Debug|Any CPU
		{A5A7A025-DB1E-41E6-A240-9DB13836E0FF}.Debug|Any CPU.Build.0 = Debug|Any CPU
		{A5A7A025-DB1E-41E6-A240-9DB13836E0FF}.Release|Any CPU.ActiveCfg = Release|Any CPU
		{A5A7A025-DB1E-41E6-A240-9DB13836E0FF}.Release|Any CPU.Build.0 = Release|Any CPU
		{D6424165-217D-4A45-9AF1-08233805B99C}.Debug|Any CPU.ActiveCfg = Debug|Any CPU
		{D6424165-217D-4A45-9AF1-08233805B99C}.Debug|Any CPU.Build.0 = Debug|Any CPU
		{D6424165-217D-4A45-9AF1-08233805B99C}.Release|Any CPU.ActiveCfg = Release|Any CPU
		{D6424165-217D-4A45-9AF1-08233805B99C}.Release|Any CPU.Build.0 = Release|Any CPU
		{1C3B206E-3F96-44D1-8ECE-B904034FA5B0}.Debug|Any CPU.ActiveCfg = Debug|Any CPU
		{1C3B206E-3F96-44D1-8ECE-B904034FA5B0}.Debug|Any CPU.Build.0 = Debug|Any CPU
		{1C3B206E-3F96-44D1-8ECE-B904034FA5B0}.Release|Any CPU.ActiveCfg = Release|Any CPU
		{1C3B206E-3F96-44D1-8ECE-B904034FA5B0}.Release|Any CPU.Build.0 = Release|Any CPU
		{8AC7F2A2-0080-4A25-A50B-CA2453E04AB4}.Debug|Any CPU.ActiveCfg = Debug|Any CPU
		{8AC7F2A2-0080-4A25-A50B-CA2453E04AB4}.Debug|Any CPU.Build.0 = Debug|Any CPU
		{8AC7F2A2-0080-4A25-A50B-CA2453E04AB4}.Release|Any CPU.ActiveCfg = Release|Any CPU
		{8AC7F2A2-0080-4A25-A50B-CA2453E04AB4}.Release|Any CPU.Build.0 = Release|Any CPU
		{7D6D4854-41CF-4A68-9E41-4D3D9495905F}.Debug|Any CPU.ActiveCfg = Debug|Any CPU
		{7D6D4854-41CF-4A68-9E41-4D3D9495905F}.Debug|Any CPU.Build.0 = Debug|Any CPU
		{7D6D4854-41CF-4A68-9E41-4D3D9495905F}.Release|Any CPU.ActiveCfg = Release|Any CPU
		{7D6D4854-41CF-4A68-9E41-4D3D9495905F}.Release|Any CPU.Build.0 = Release|Any CPU
		{C53C81B5-9B85-44DB-8683-450A265E8152}.Debug|Any CPU.ActiveCfg = Debug|Any CPU
		{C53C81B5-9B85-44DB-8683-450A265E8152}.Debug|Any CPU.Build.0 = Debug|Any CPU
		{C53C81B5-9B85-44DB-8683-450A265E8152}.Release|Any CPU.ActiveCfg = Release|Any CPU
		{C53C81B5-9B85-44DB-8683-450A265E8152}.Release|Any CPU.Build.0 = Release|Any CPU
		{AA93ABA2-4147-4FE8-932B-F1889797B130}.Debug|Any CPU.ActiveCfg = Debug|Any CPU
		{AA93ABA2-4147-4FE8-932B-F1889797B130}.Debug|Any CPU.Build.0 = Debug|Any CPU
		{AA93ABA2-4147-4FE8-932B-F1889797B130}.Release|Any CPU.ActiveCfg = Release|Any CPU
		{AA93ABA2-4147-4FE8-932B-F1889797B130}.Release|Any CPU.Build.0 = Release|Any CPU
		{BB855D0C-C5F6-4EA6-ADBB-C0D2EF85DE49}.Debug|Any CPU.ActiveCfg = Debug|Any CPU
		{BB855D0C-C5F6-4EA6-ADBB-C0D2EF85DE49}.Debug|Any CPU.Build.0 = Debug|Any CPU
		{BB855D0C-C5F6-4EA6-ADBB-C0D2EF85DE49}.Release|Any CPU.ActiveCfg = Release|Any CPU
		{BB855D0C-C5F6-4EA6-ADBB-C0D2EF85DE49}.Release|Any CPU.Build.0 = Release|Any CPU
		{E5374D76-B71D-436B-A11B-BAE0812F708C}.Debug|Any CPU.ActiveCfg = Debug|Any CPU
		{E5374D76-B71D-436B-A11B-BAE0812F708C}.Debug|Any CPU.Build.0 = Debug|Any CPU
		{E5374D76-B71D-436B-A11B-BAE0812F708C}.Release|Any CPU.ActiveCfg = Release|Any CPU
		{E5374D76-B71D-436B-A11B-BAE0812F708C}.Release|Any CPU.Build.0 = Release|Any CPU
		{AFC5D7A7-C7EC-4BBB-A17E-C06211B5326F}.Debug|Any CPU.ActiveCfg = Debug|Any CPU
		{AFC5D7A7-C7EC-4BBB-A17E-C06211B5326F}.Debug|Any CPU.Build.0 = Debug|Any CPU
		{AFC5D7A7-C7EC-4BBB-A17E-C06211B5326F}.Release|Any CPU.ActiveCfg = Release|Any CPU
		{AFC5D7A7-C7EC-4BBB-A17E-C06211B5326F}.Release|Any CPU.Build.0 = Release|Any CPU
		{6A6746EA-85A0-4F63-829F-72373106559F}.Debug|Any CPU.ActiveCfg = Debug|Any CPU
		{6A6746EA-85A0-4F63-829F-72373106559F}.Debug|Any CPU.Build.0 = Debug|Any CPU
		{6A6746EA-85A0-4F63-829F-72373106559F}.Release|Any CPU.ActiveCfg = Release|Any CPU
		{6A6746EA-85A0-4F63-829F-72373106559F}.Release|Any CPU.Build.0 = Release|Any CPU
		{BF9CDF58-D096-4A22-99BE-BD0BDE0151B8}.Debug|Any CPU.ActiveCfg = Debug|Any CPU
		{BF9CDF58-D096-4A22-99BE-BD0BDE0151B8}.Debug|Any CPU.Build.0 = Debug|Any CPU
		{BF9CDF58-D096-4A22-99BE-BD0BDE0151B8}.Release|Any CPU.ActiveCfg = Release|Any CPU
		{BF9CDF58-D096-4A22-99BE-BD0BDE0151B8}.Release|Any CPU.Build.0 = Release|Any CPU
		{75AF9F17-3F9E-4AC0-8E8C-63C5D74FF418}.Debug|Any CPU.ActiveCfg = Debug|Any CPU
		{75AF9F17-3F9E-4AC0-8E8C-63C5D74FF418}.Debug|Any CPU.Build.0 = Debug|Any CPU
		{75AF9F17-3F9E-4AC0-8E8C-63C5D74FF418}.Release|Any CPU.ActiveCfg = Release|Any CPU
		{75AF9F17-3F9E-4AC0-8E8C-63C5D74FF418}.Release|Any CPU.Build.0 = Release|Any CPU
		{AC87757E-941C-41F2-958D-216E136E8CBA}.Debug|Any CPU.ActiveCfg = Debug|Any CPU
		{AC87757E-941C-41F2-958D-216E136E8CBA}.Debug|Any CPU.Build.0 = Debug|Any CPU
		{AC87757E-941C-41F2-958D-216E136E8CBA}.Release|Any CPU.ActiveCfg = Release|Any CPU
		{AC87757E-941C-41F2-958D-216E136E8CBA}.Release|Any CPU.Build.0 = Release|Any CPU
		{E9267450-E279-4D21-AABC-AC0760CE3AA0}.Debug|Any CPU.ActiveCfg = Debug|Any CPU
		{E9267450-E279-4D21-AABC-AC0760CE3AA0}.Debug|Any CPU.Build.0 = Debug|Any CPU
		{E9267450-E279-4D21-AABC-AC0760CE3AA0}.Release|Any CPU.ActiveCfg = Release|Any CPU
		{E9267450-E279-4D21-AABC-AC0760CE3AA0}.Release|Any CPU.Build.0 = Release|Any CPU
		{6BF0B2DC-AA8D-42E5-BDBF-A41EAB64D42E}.Debug|Any CPU.ActiveCfg = Debug|Any CPU
		{6BF0B2DC-AA8D-42E5-BDBF-A41EAB64D42E}.Debug|Any CPU.Build.0 = Debug|Any CPU
		{6BF0B2DC-AA8D-42E5-BDBF-A41EAB64D42E}.Release|Any CPU.ActiveCfg = Release|Any CPU
		{6BF0B2DC-AA8D-42E5-BDBF-A41EAB64D42E}.Release|Any CPU.Build.0 = Release|Any CPU
		{567A9A9C-DF46-4793-8611-427147F4638F}.Debug|Any CPU.ActiveCfg = Debug|Any CPU
		{567A9A9C-DF46-4793-8611-427147F4638F}.Debug|Any CPU.Build.0 = Debug|Any CPU
		{567A9A9C-DF46-4793-8611-427147F4638F}.Release|Any CPU.ActiveCfg = Release|Any CPU
		{567A9A9C-DF46-4793-8611-427147F4638F}.Release|Any CPU.Build.0 = Release|Any CPU
		{B6DE6816-E726-49F3-A590-BCF184E593B1}.Debug|Any CPU.ActiveCfg = Debug|Any CPU
		{B6DE6816-E726-49F3-A590-BCF184E593B1}.Debug|Any CPU.Build.0 = Debug|Any CPU
		{B6DE6816-E726-49F3-A590-BCF184E593B1}.Release|Any CPU.ActiveCfg = Release|Any CPU
		{B6DE6816-E726-49F3-A590-BCF184E593B1}.Release|Any CPU.Build.0 = Release|Any CPU
		{17918B50-3C3A-4B8C-8A5C-3C633B2CB74E}.Debug|Any CPU.ActiveCfg = Debug|Any CPU
		{17918B50-3C3A-4B8C-8A5C-3C633B2CB74E}.Debug|Any CPU.Build.0 = Debug|Any CPU
		{17918B50-3C3A-4B8C-8A5C-3C633B2CB74E}.Release|Any CPU.ActiveCfg = Release|Any CPU
		{17918B50-3C3A-4B8C-8A5C-3C633B2CB74E}.Release|Any CPU.Build.0 = Release|Any CPU
		{021CB525-3479-4B91-9DB7-CA8556C05B11}.Debug|Any CPU.ActiveCfg = Debug|Any CPU
		{021CB525-3479-4B91-9DB7-CA8556C05B11}.Debug|Any CPU.Build.0 = Debug|Any CPU
		{021CB525-3479-4B91-9DB7-CA8556C05B11}.Release|Any CPU.ActiveCfg = Release|Any CPU
		{021CB525-3479-4B91-9DB7-CA8556C05B11}.Release|Any CPU.Build.0 = Release|Any CPU
		{DC7774AA-0264-4EBA-8A6E-CD1B798AD3AD}.Debug|Any CPU.ActiveCfg = Debug|Any CPU
		{DC7774AA-0264-4EBA-8A6E-CD1B798AD3AD}.Debug|Any CPU.Build.0 = Debug|Any CPU
		{DC7774AA-0264-4EBA-8A6E-CD1B798AD3AD}.Release|Any CPU.ActiveCfg = Release|Any CPU
		{DC7774AA-0264-4EBA-8A6E-CD1B798AD3AD}.Release|Any CPU.Build.0 = Release|Any CPU
		{E991711E-6BE5-4A1C-B3C1-1EF248A0A5B7}.Debug|Any CPU.ActiveCfg = Debug|Any CPU
		{E991711E-6BE5-4A1C-B3C1-1EF248A0A5B7}.Debug|Any CPU.Build.0 = Debug|Any CPU
		{E991711E-6BE5-4A1C-B3C1-1EF248A0A5B7}.Release|Any CPU.ActiveCfg = Release|Any CPU
		{E991711E-6BE5-4A1C-B3C1-1EF248A0A5B7}.Release|Any CPU.Build.0 = Release|Any CPU
		{FA3166C8-2445-4C2E-BC2E-B44C132627F0}.Debug|Any CPU.ActiveCfg = Debug|Any CPU
		{FA3166C8-2445-4C2E-BC2E-B44C132627F0}.Debug|Any CPU.Build.0 = Debug|Any CPU
		{FA3166C8-2445-4C2E-BC2E-B44C132627F0}.Release|Any CPU.ActiveCfg = Release|Any CPU
		{FA3166C8-2445-4C2E-BC2E-B44C132627F0}.Release|Any CPU.Build.0 = Release|Any CPU
		{3F4BC621-9FD2-40DE-B35E-9B31DE92FCC0}.Debug|Any CPU.ActiveCfg = Debug|Any CPU
		{3F4BC621-9FD2-40DE-B35E-9B31DE92FCC0}.Debug|Any CPU.Build.0 = Debug|Any CPU
		{3F4BC621-9FD2-40DE-B35E-9B31DE92FCC0}.Release|Any CPU.ActiveCfg = Release|Any CPU
		{3F4BC621-9FD2-40DE-B35E-9B31DE92FCC0}.Release|Any CPU.Build.0 = Release|Any CPU
		{8A5B4A9D-5B7F-4CCD-A0B3-E9C335AF0E0B}.Debug|Any CPU.ActiveCfg = Debug|Any CPU
		{8A5B4A9D-5B7F-4CCD-A0B3-E9C335AF0E0B}.Debug|Any CPU.Build.0 = Debug|Any CPU
		{8A5B4A9D-5B7F-4CCD-A0B3-E9C335AF0E0B}.Release|Any CPU.ActiveCfg = Release|Any CPU
		{8A5B4A9D-5B7F-4CCD-A0B3-E9C335AF0E0B}.Release|Any CPU.Build.0 = Release|Any CPU
		{28FDAAB2-EFBB-442F-83C0-2C891388600F}.Debug|Any CPU.ActiveCfg = Debug|Any CPU
		{28FDAAB2-EFBB-442F-83C0-2C891388600F}.Debug|Any CPU.Build.0 = Debug|Any CPU
		{28FDAAB2-EFBB-442F-83C0-2C891388600F}.Release|Any CPU.ActiveCfg = Release|Any CPU
		{28FDAAB2-EFBB-442F-83C0-2C891388600F}.Release|Any CPU.Build.0 = Release|Any CPU
		{73C9AF06-8A57-436F-A8EE-3644B14FE4C4}.Debug|Any CPU.ActiveCfg = Debug|Any CPU
		{73C9AF06-8A57-436F-A8EE-3644B14FE4C4}.Debug|Any CPU.Build.0 = Debug|Any CPU
		{73C9AF06-8A57-436F-A8EE-3644B14FE4C4}.Release|Any CPU.ActiveCfg = Release|Any CPU
		{73C9AF06-8A57-436F-A8EE-3644B14FE4C4}.Release|Any CPU.Build.0 = Release|Any CPU
		{9CDC4627-126C-4710-8B3D-A1AE6ED36E60}.Debug|Any CPU.ActiveCfg = Debug|Any CPU
		{9CDC4627-126C-4710-8B3D-A1AE6ED36E60}.Debug|Any CPU.Build.0 = Debug|Any CPU
		{9CDC4627-126C-4710-8B3D-A1AE6ED36E60}.Release|Any CPU.ActiveCfg = Release|Any CPU
		{9CDC4627-126C-4710-8B3D-A1AE6ED36E60}.Release|Any CPU.Build.0 = Release|Any CPU
	EndGlobalSection
	GlobalSection(SolutionProperties) = preSolution
		HideSolutionNode = FALSE
	EndGlobalSection
	GlobalSection(NestedProjects) = preSolution
		{A5A7A025-DB1E-41E6-A240-9DB13836E0FF} = {06F9C8F1-3F3A-4B71-B4AF-C3C0B6AF0972}
		{D6424165-217D-4A45-9AF1-08233805B99C} = {06F9C8F1-3F3A-4B71-B4AF-C3C0B6AF0972}
		{1C3B206E-3F96-44D1-8ECE-B904034FA5B0} = {06F9C8F1-3F3A-4B71-B4AF-C3C0B6AF0972}
		{8AC7F2A2-0080-4A25-A50B-CA2453E04AB4} = {06F9C8F1-3F3A-4B71-B4AF-C3C0B6AF0972}
		{7D6D4854-41CF-4A68-9E41-4D3D9495905F} = {06F9C8F1-3F3A-4B71-B4AF-C3C0B6AF0972}
		{D446A9D9-156F-4528-AB72-2F7C55FE4FF8} = {493A809D-C0B2-416B-AA8F-DBC9E0926234}
		{C53C81B5-9B85-44DB-8683-450A265E8152} = {D446A9D9-156F-4528-AB72-2F7C55FE4FF8}
		{AA93ABA2-4147-4FE8-932B-F1889797B130} = {D446A9D9-156F-4528-AB72-2F7C55FE4FF8}
		{BB855D0C-C5F6-4EA6-ADBB-C0D2EF85DE49} = {D446A9D9-156F-4528-AB72-2F7C55FE4FF8}
		{E5374D76-B71D-436B-A11B-BAE0812F708C} = {D446A9D9-156F-4528-AB72-2F7C55FE4FF8}
		{AFC5D7A7-C7EC-4BBB-A17E-C06211B5326F} = {D446A9D9-156F-4528-AB72-2F7C55FE4FF8}
		{AE4FAE09-BA87-46CB-B53B-F22308778833} = {493A809D-C0B2-416B-AA8F-DBC9E0926234}
		{6A6746EA-85A0-4F63-829F-72373106559F} = {AE4FAE09-BA87-46CB-B53B-F22308778833}
		{BF9CDF58-D096-4A22-99BE-BD0BDE0151B8} = {AE4FAE09-BA87-46CB-B53B-F22308778833}
		{75AF9F17-3F9E-4AC0-8E8C-63C5D74FF418} = {AE4FAE09-BA87-46CB-B53B-F22308778833}
		{AC87757E-941C-41F2-958D-216E136E8CBA} = {AE4FAE09-BA87-46CB-B53B-F22308778833}
		{E9267450-E279-4D21-AABC-AC0760CE3AA0} = {AE4FAE09-BA87-46CB-B53B-F22308778833}
		{6BF0B2DC-AA8D-42E5-BDBF-A41EAB64D42E} = {AE4FAE09-BA87-46CB-B53B-F22308778833}
		{567A9A9C-DF46-4793-8611-427147F4638F} = {AE4FAE09-BA87-46CB-B53B-F22308778833}
		{928C134F-C14F-4604-9B12-A84C8DE9BBDB} = {493A809D-C0B2-416B-AA8F-DBC9E0926234}
		{B6DE6816-E726-49F3-A590-BCF184E593B1} = {928C134F-C14F-4604-9B12-A84C8DE9BBDB}
		{17918B50-3C3A-4B8C-8A5C-3C633B2CB74E} = {928C134F-C14F-4604-9B12-A84C8DE9BBDB}
		{021CB525-3479-4B91-9DB7-CA8556C05B11} = {928C134F-C14F-4604-9B12-A84C8DE9BBDB}
		{DC7774AA-0264-4EBA-8A6E-CD1B798AD3AD} = {928C134F-C14F-4604-9B12-A84C8DE9BBDB}
		{E991711E-6BE5-4A1C-B3C1-1EF248A0A5B7} = {928C134F-C14F-4604-9B12-A84C8DE9BBDB}
		{FA3166C8-2445-4C2E-BC2E-B44C132627F0} = {928C134F-C14F-4604-9B12-A84C8DE9BBDB}
		{3F4BC621-9FD2-40DE-B35E-9B31DE92FCC0} = {928C134F-C14F-4604-9B12-A84C8DE9BBDB}
		{8A5B4A9D-5B7F-4CCD-A0B3-E9C335AF0E0B} = {928C134F-C14F-4604-9B12-A84C8DE9BBDB}
		{28FDAAB2-EFBB-442F-83C0-2C891388600F} = {928C134F-C14F-4604-9B12-A84C8DE9BBDB}
		{73C9AF06-8A57-436F-A8EE-3644B14FE4C4} = {928C134F-C14F-4604-9B12-A84C8DE9BBDB}
		{9CDC4627-126C-4710-8B3D-A1AE6ED36E60} = {928C134F-C14F-4604-9B12-A84C8DE9BBDB}
	EndGlobalSection
	GlobalSection(ExtensibilityGlobals) = postSolution
		SolutionGuid = {44C36AC9-5B72-4E94-A6F6-6278904AA4D6}
	EndGlobalSection
EndGlobal
